
Microsoft Visual Studio Solution File, Format Version 12.00
# Visual Studio Version 17
VisualStudioVersion = 17.1.32228.430
MinimumVisualStudioVersion = 10.0.40219.1
Project("{FAE04EC0-301F-11D3-BF4B-00C04F79EFBC}") = "Algorithm Programs", "Algorithm Programs\Algorithm Programs.csproj", "{A79B297F-4CAF-4F67-82B7-992EFEE2AEFE}"
EndProject
Global
	GlobalSection(SolutionConfigurationPlatforms) = preSolution
		Debug|Any CPU = Debug|Any CPU
		Release|Any CPU = Release|Any CPU
	EndGlobalSection
	GlobalSection(ProjectConfigurationPlatforms) = postSolution
		{A79B297F-4CAF-4F67-82B7-992EFEE2AEFE}.Debug|Any CPU.ActiveCfg = Debug|Any CPU
		{A79B297F-4CAF-4F67-82B7-992EFEE2AEFE}.Debug|Any CPU.Build.0 = Debug|Any CPU
		{A79B297F-4CAF-4F67-82B7-992EFEE2AEFE}.Release|Any CPU.ActiveCfg = Release|Any CPU
		{A79B297F-4CAF-4F67-82B7-992EFEE2AEFE}.Release|Any CPU.Build.0 = Release|Any CPU
	EndGlobalSection
	GlobalSection(SolutionProperties) = preSolution
		HideSolutionNode = FALSE
	EndGlobalSection
	GlobalSection(ExtensibilityGlobals) = postSolution
		SolutionGuid = {963506DA-E410-45D1-AD77-C254ECB97DB0}
	EndGlobalSection
EndGlobal
